
Microsoft Visual Studio Solution File, Format Version 12.00
# Visual Studio Version 17
VisualStudioVersion = 17.5.002.0
MinimumVisualStudioVersion = 10.0.40219.1
Project("{9A19103F-16F7-4668-BE54-9A1E7A4F7556}") = "04_colecciones", "04_colecciones.csproj", "{903E778A-C398-4948-8C63-85656F0F7615}"
EndProject
Global
	GlobalSection(SolutionConfigurationPlatforms) = preSolution
		Debug|Any CPU = Debug|Any CPU
		Release|Any CPU = Release|Any CPU
	EndGlobalSection
	GlobalSection(ProjectConfigurationPlatforms) = postSolution
		{903E778A-C398-4948-8C63-85656F0F7615}.Debug|Any CPU.ActiveCfg = Debug|Any CPU
		{903E778A-C398-4948-8C63-85656F0F7615}.Debug|Any CPU.Build.0 = Debug|Any CPU
		{903E778A-C398-4948-8C63-85656F0F7615}.Release|Any CPU.ActiveCfg = Release|Any CPU
		{903E778A-C398-4948-8C63-85656F0F7615}.Release|Any CPU.Build.0 = Release|Any CPU
	EndGlobalSection
	GlobalSection(SolutionProperties) = preSolution
		HideSolutionNode = FALSE
	EndGlobalSection
	GlobalSection(ExtensibilityGlobals) = postSolution
		SolutionGuid = {7F603056-DA8A-40E4-847F-00A7BBD6ED8D}
	EndGlobalSection
EndGlobal
